// !$*UTF8*$!
{
	archiveVersion = 1;
	classes = {
	};
	objectVersion = 52;
	objects = {

/* Begin PBXBuildFile section */
		0A8388BC25FF09D600276C7C /* WorkoutNowViewController.swift in Sources */ = {isa = PBXBuildFile; fileRef = 0A8388BB25FF09D600276C7C /* WorkoutNowViewController.swift */; };
		0A8388BD25FF09D600276C7C /* WorkoutNowViewController.swift in Sources */ = {isa = PBXBuildFile; fileRef = 0A8388BB25FF09D600276C7C /* WorkoutNowViewController.swift */; };
		0A8388BE25FF09D600276C7C /* WorkoutNowViewController.swift in Sources */ = {isa = PBXBuildFile; fileRef = 0A8388BB25FF09D600276C7C /* WorkoutNowViewController.swift */; };
		1C3D489D25E38BDA004D7AB1 /* AppDelegate.swift in Sources */ = {isa = PBXBuildFile; fileRef = 1C3D489C25E38BDA004D7AB1 /* AppDelegate.swift */; };
		1C3D489F25E38BDA004D7AB1 /* SceneDelegate.swift in Sources */ = {isa = PBXBuildFile; fileRef = 1C3D489E25E38BDA004D7AB1 /* SceneDelegate.swift */; };
		1C3D48A425E38BDA004D7AB1 /* Main.storyboard in Resources */ = {isa = PBXBuildFile; fileRef = 1C3D48A225E38BDA004D7AB1 /* Main.storyboard */; };
		1C3D48A625E38BDB004D7AB1 /* Assets.xcassets in Resources */ = {isa = PBXBuildFile; fileRef = 1C3D48A525E38BDB004D7AB1 /* Assets.xcassets */; };
		1C3D48A925E38BDB004D7AB1 /* LaunchScreen.storyboard in Resources */ = {isa = PBXBuildFile; fileRef = 1C3D48A725E38BDB004D7AB1 /* LaunchScreen.storyboard */; };
		1C3D48B425E38BDB004D7AB1 /* KeepFitTests.swift in Sources */ = {isa = PBXBuildFile; fileRef = 1C3D48B325E38BDB004D7AB1 /* KeepFitTests.swift */; };
		1C3D48BF25E38BDB004D7AB1 /* KeepFitUITests.swift in Sources */ = {isa = PBXBuildFile; fileRef = 1C3D48BE25E38BDB004D7AB1 /* KeepFitUITests.swift */; };
		1C55444325FDD8A900DA46BD /* LoginViewController.swift in Sources */ = {isa = PBXBuildFile; fileRef = 1C55444225FDD8A900DA46BD /* LoginViewController.swift */; };
		1C55444425FDD8A900DA46BD /* LoginViewController.swift in Sources */ = {isa = PBXBuildFile; fileRef = 1C55444225FDD8A900DA46BD /* LoginViewController.swift */; };
		1C55444525FDD8A900DA46BD /* LoginViewController.swift in Sources */ = {isa = PBXBuildFile; fileRef = 1C55444225FDD8A900DA46BD /* LoginViewController.swift */; };
		1C55445D25FDFD6D00DA46BD /* UserProfile.swift in Sources */ = {isa = PBXBuildFile; fileRef = 1C55445C25FDFD6D00DA46BD /* UserProfile.swift */; };
		1C55445E25FDFD6D00DA46BD /* UserProfile.swift in Sources */ = {isa = PBXBuildFile; fileRef = 1C55445C25FDFD6D00DA46BD /* UserProfile.swift */; };
		1C55445F25FDFD6D00DA46BD /* UserProfile.swift in Sources */ = {isa = PBXBuildFile; fileRef = 1C55445C25FDFD6D00DA46BD /* UserProfile.swift */; };
		1C55446425FDFD7500DA46BD /* UserProfileModel.swift in Sources */ = {isa = PBXBuildFile; fileRef = 1C55446325FDFD7500DA46BD /* UserProfileModel.swift */; };
		1C55446525FDFD7500DA46BD /* UserProfileModel.swift in Sources */ = {isa = PBXBuildFile; fileRef = 1C55446325FDFD7500DA46BD /* UserProfileModel.swift */; };
		1C55446625FDFD7500DA46BD /* UserProfileModel.swift in Sources */ = {isa = PBXBuildFile; fileRef = 1C55446325FDFD7500DA46BD /* UserProfileModel.swift */; };
		1C55447B25FE016C00DA46BD /* RealmModel.swift in Sources */ = {isa = PBXBuildFile; fileRef = 1C55447A25FE016C00DA46BD /* RealmModel.swift */; };
		1C55447C25FE016C00DA46BD /* RealmModel.swift in Sources */ = {isa = PBXBuildFile; fileRef = 1C55447A25FE016C00DA46BD /* RealmModel.swift */; };
		1C55447D25FE016C00DA46BD /* RealmModel.swift in Sources */ = {isa = PBXBuildFile; fileRef = 1C55447A25FE016C00DA46BD /* RealmModel.swift */; };
		1C6186D925FF2B6400CCB74E /* StreamPageTableViewController.swift in Sources */ = {isa = PBXBuildFile; fileRef = 1C6186D825FF2B6400CCB74E /* StreamPageTableViewController.swift */; };
		1C6186DA25FF2B6400CCB74E /* StreamPageTableViewController.swift in Sources */ = {isa = PBXBuildFile; fileRef = 1C6186D825FF2B6400CCB74E /* StreamPageTableViewController.swift */; };
		1C6186DB25FF2B6400CCB74E /* StreamPageTableViewController.swift in Sources */ = {isa = PBXBuildFile; fileRef = 1C6186D825FF2B6400CCB74E /* StreamPageTableViewController.swift */; };
		1C6F668125FB5B8C0085F2C2 /* CreateAccountViewController.swift in Sources */ = {isa = PBXBuildFile; fileRef = 1C6F668025FB5B8C0085F2C2 /* CreateAccountViewController.swift */; };
		1C6F668225FB5B8C0085F2C2 /* CreateAccountViewController.swift in Sources */ = {isa = PBXBuildFile; fileRef = 1C6F668025FB5B8C0085F2C2 /* CreateAccountViewController.swift */; };
		1C6F668325FB5B8C0085F2C2 /* CreateAccountViewController.swift in Sources */ = {isa = PBXBuildFile; fileRef = 1C6F668025FB5B8C0085F2C2 /* CreateAccountViewController.swift */; };
		1C6F669525FC7F660085F2C2 /* Realm in Frameworks */ = {isa = PBXBuildFile; productRef = 1C6F669425FC7F660085F2C2 /* Realm */; };
		1C6F669725FC7F660085F2C2 /* RealmSwift in Frameworks */ = {isa = PBXBuildFile; productRef = 1C6F669625FC7F660085F2C2 /* RealmSwift */; };
		1C6F66C225FC85AA0085F2C2 /* PersonalAccount.swift in Sources */ = {isa = PBXBuildFile; fileRef = 1C6F66C125FC85AA0085F2C2 /* PersonalAccount.swift */; };
		1C6F66C325FC85AA0085F2C2 /* PersonalAccount.swift in Sources */ = {isa = PBXBuildFile; fileRef = 1C6F66C125FC85AA0085F2C2 /* PersonalAccount.swift */; };
		1C6F66C425FC85AA0085F2C2 /* PersonalAccount.swift in Sources */ = {isa = PBXBuildFile; fileRef = 1C6F66C125FC85AA0085F2C2 /* PersonalAccount.swift */; };
		1C6F66CC25FC88120085F2C2 /* PersonalAccountModel.swift in Sources */ = {isa = PBXBuildFile; fileRef = 1C6F66CB25FC88120085F2C2 /* PersonalAccountModel.swift */; };
		1C6F66CD25FC88120085F2C2 /* PersonalAccountModel.swift in Sources */ = {isa = PBXBuildFile; fileRef = 1C6F66CB25FC88120085F2C2 /* PersonalAccountModel.swift */; };
		1C6F66CE25FC88120085F2C2 /* PersonalAccountModel.swift in Sources */ = {isa = PBXBuildFile; fileRef = 1C6F66CB25FC88120085F2C2 /* PersonalAccountModel.swift */; };
		1C6F66D725FC92860085F2C2 /* ProfilePageViewController.swift in Sources */ = {isa = PBXBuildFile; fileRef = 1C6F66D625FC92860085F2C2 /* ProfilePageViewController.swift */; };
		1C6F66D825FC92860085F2C2 /* ProfilePageViewController.swift in Sources */ = {isa = PBXBuildFile; fileRef = 1C6F66D625FC92860085F2C2 /* ProfilePageViewController.swift */; };
		1C6F66D925FC92860085F2C2 /* ProfilePageViewController.swift in Sources */ = {isa = PBXBuildFile; fileRef = 1C6F66D625FC92860085F2C2 /* ProfilePageViewController.swift */; };
		1C8E6C5325FCAF56004C2534 /* ProfileViewController.swift in Sources */ = {isa = PBXBuildFile; fileRef = 1C8E6C5225FCAF56004C2534 /* ProfileViewController.swift */; };
		1C8E6C5425FCAF56004C2534 /* ProfileViewController.swift in Sources */ = {isa = PBXBuildFile; fileRef = 1C8E6C5225FCAF56004C2534 /* ProfileViewController.swift */; };
		1C8E6C5525FCAF56004C2534 /* ProfileViewController.swift in Sources */ = {isa = PBXBuildFile; fileRef = 1C8E6C5225FCAF56004C2534 /* ProfileViewController.swift */; };
/* End PBXBuildFile section */

/* Begin PBXContainerItemProxy section */
		1C3D48B025E38BDB004D7AB1 /* PBXContainerItemProxy */ = {
			isa = PBXContainerItemProxy;
			containerPortal = 1C3D489125E38BDA004D7AB1 /* Project object */;
			proxyType = 1;
			remoteGlobalIDString = 1C3D489825E38BDA004D7AB1;
			remoteInfo = KeepFit;
		};
		1C3D48BB25E38BDB004D7AB1 /* PBXContainerItemProxy */ = {
			isa = PBXContainerItemProxy;
			containerPortal = 1C3D489125E38BDA004D7AB1 /* Project object */;
			proxyType = 1;
			remoteGlobalIDString = 1C3D489825E38BDA004D7AB1;
			remoteInfo = KeepFit;
		};
/* End PBXContainerItemProxy section */

/* Begin PBXFileReference section */
		0A8388BB25FF09D600276C7C /* WorkoutNowViewController.swift */ = {isa = PBXFileReference; lastKnownFileType = sourcecode.swift; path = WorkoutNowViewController.swift; sourceTree = "<group>"; };
		1C3D489925E38BDA004D7AB1 /* KeepFit.app */ = {isa = PBXFileReference; explicitFileType = wrapper.application; includeInIndex = 0; path = KeepFit.app; sourceTree = BUILT_PRODUCTS_DIR; };
		1C3D489C25E38BDA004D7AB1 /* AppDelegate.swift */ = {isa = PBXFileReference; lastKnownFileType = sourcecode.swift; path = AppDelegate.swift; sourceTree = "<group>"; };
		1C3D489E25E38BDA004D7AB1 /* SceneDelegate.swift */ = {isa = PBXFileReference; lastKnownFileType = sourcecode.swift; path = SceneDelegate.swift; sourceTree = "<group>"; };
		1C3D48A325E38BDA004D7AB1 /* Base */ = {isa = PBXFileReference; lastKnownFileType = file.storyboard; name = Base; path = Base.lproj/Main.storyboard; sourceTree = "<group>"; };
		1C3D48A525E38BDB004D7AB1 /* Assets.xcassets */ = {isa = PBXFileReference; lastKnownFileType = folder.assetcatalog; path = Assets.xcassets; sourceTree = "<group>"; };
		1C3D48A825E38BDB004D7AB1 /* Base */ = {isa = PBXFileReference; lastKnownFileType = file.storyboard; name = Base; path = Base.lproj/LaunchScreen.storyboard; sourceTree = "<group>"; };
		1C3D48AA25E38BDB004D7AB1 /* Info.plist */ = {isa = PBXFileReference; lastKnownFileType = text.plist.xml; path = Info.plist; sourceTree = "<group>"; };
		1C3D48AF25E38BDB004D7AB1 /* KeepFitTests.xctest */ = {isa = PBXFileReference; explicitFileType = wrapper.cfbundle; includeInIndex = 0; path = KeepFitTests.xctest; sourceTree = BUILT_PRODUCTS_DIR; };
		1C3D48B325E38BDB004D7AB1 /* KeepFitTests.swift */ = {isa = PBXFileReference; lastKnownFileType = sourcecode.swift; path = KeepFitTests.swift; sourceTree = "<group>"; };
		1C3D48B525E38BDB004D7AB1 /* Info.plist */ = {isa = PBXFileReference; lastKnownFileType = text.plist.xml; path = Info.plist; sourceTree = "<group>"; };
		1C3D48BA25E38BDB004D7AB1 /* KeepFitUITests.xctest */ = {isa = PBXFileReference; explicitFileType = wrapper.cfbundle; includeInIndex = 0; path = KeepFitUITests.xctest; sourceTree = BUILT_PRODUCTS_DIR; };
		1C3D48BE25E38BDB004D7AB1 /* KeepFitUITests.swift */ = {isa = PBXFileReference; lastKnownFileType = sourcecode.swift; path = KeepFitUITests.swift; sourceTree = "<group>"; };
		1C3D48C025E38BDB004D7AB1 /* Info.plist */ = {isa = PBXFileReference; lastKnownFileType = text.plist.xml; path = Info.plist; sourceTree = "<group>"; };
		1C55444225FDD8A900DA46BD /* LoginViewController.swift */ = {isa = PBXFileReference; lastKnownFileType = sourcecode.swift; path = LoginViewController.swift; sourceTree = "<group>"; };
		1C55445C25FDFD6D00DA46BD /* UserProfile.swift */ = {isa = PBXFileReference; lastKnownFileType = sourcecode.swift; path = UserProfile.swift; sourceTree = "<group>"; };
		1C55446325FDFD7500DA46BD /* UserProfileModel.swift */ = {isa = PBXFileReference; lastKnownFileType = sourcecode.swift; path = UserProfileModel.swift; sourceTree = "<group>"; };
		1C55447A25FE016C00DA46BD /* RealmModel.swift */ = {isa = PBXFileReference; lastKnownFileType = sourcecode.swift; path = RealmModel.swift; sourceTree = "<group>"; };
		1C6186D825FF2B6400CCB74E /* StreamPageTableViewController.swift */ = {isa = PBXFileReference; lastKnownFileType = sourcecode.swift; path = StreamPageTableViewController.swift; sourceTree = "<group>"; };
		1C6F668025FB5B8C0085F2C2 /* CreateAccountViewController.swift */ = {isa = PBXFileReference; lastKnownFileType = sourcecode.swift; path = CreateAccountViewController.swift; sourceTree = "<group>"; };
		1C6F66C125FC85AA0085F2C2 /* PersonalAccount.swift */ = {isa = PBXFileReference; lastKnownFileType = sourcecode.swift; path = PersonalAccount.swift; sourceTree = "<group>"; };
		1C6F66CB25FC88120085F2C2 /* PersonalAccountModel.swift */ = {isa = PBXFileReference; lastKnownFileType = sourcecode.swift; path = PersonalAccountModel.swift; sourceTree = "<group>"; };
		1C6F66D625FC92860085F2C2 /* ProfilePageViewController.swift */ = {isa = PBXFileReference; lastKnownFileType = sourcecode.swift; path = ProfilePageViewController.swift; sourceTree = "<group>"; };
		1C8E6C5225FCAF56004C2534 /* ProfileViewController.swift */ = {isa = PBXFileReference; lastKnownFileType = sourcecode.swift; path = ProfileViewController.swift; sourceTree = "<group>"; };
/* End PBXFileReference section */

/* Begin PBXFrameworksBuildPhase section */
		1C3D489625E38BDA004D7AB1 /* Frameworks */ = {
			isa = PBXFrameworksBuildPhase;
			buildActionMask = 2147483647;
			files = (
				1C6F669725FC7F660085F2C2 /* RealmSwift in Frameworks */,
				1C6F669525FC7F660085F2C2 /* Realm in Frameworks */,
			);
			runOnlyForDeploymentPostprocessing = 0;
		};
		1C3D48AC25E38BDB004D7AB1 /* Frameworks */ = {
			isa = PBXFrameworksBuildPhase;
			buildActionMask = 2147483647;
			files = (
			);
			runOnlyForDeploymentPostprocessing = 0;
		};
		1C3D48B725E38BDB004D7AB1 /* Frameworks */ = {
			isa = PBXFrameworksBuildPhase;
			buildActionMask = 2147483647;
			files = (
			);
			runOnlyForDeploymentPostprocessing = 0;
		};
/* End PBXFrameworksBuildPhase section */

/* Begin PBXGroup section */
		1C3D489025E38BDA004D7AB1 = {
			isa = PBXGroup;
			children = (
				1C3D489B25E38BDA004D7AB1 /* KeepFit */,
				1C3D48B225E38BDB004D7AB1 /* KeepFitTests */,
				1C3D48BD25E38BDB004D7AB1 /* KeepFitUITests */,
				1C3D489A25E38BDA004D7AB1 /* Products */,
			);
			sourceTree = "<group>";
		};
		1C3D489A25E38BDA004D7AB1 /* Products */ = {
			isa = PBXGroup;
			children = (
				1C3D489925E38BDA004D7AB1 /* KeepFit.app */,
				1C3D48AF25E38BDB004D7AB1 /* KeepFitTests.xctest */,
				1C3D48BA25E38BDB004D7AB1 /* KeepFitUITests.xctest */,
			);
			name = Products;
			sourceTree = "<group>";
		};
		1C3D489B25E38BDA004D7AB1 /* KeepFit */ = {
			isa = PBXGroup;
			children = (
				1C6F66D225FC89830085F2C2 /* Other */,
				1C6F668A25FC7C810085F2C2 /* Controller */,
				1C6F668925FC7C7C0085F2C2 /* Model */,
				1C6F668725FC7C620085F2C2 /* View */,
			);
			path = KeepFit;
			sourceTree = "<group>";
		};
		1C3D48B225E38BDB004D7AB1 /* KeepFitTests */ = {
			isa = PBXGroup;
			children = (
				1C3D48B325E38BDB004D7AB1 /* KeepFitTests.swift */,
				1C3D48B525E38BDB004D7AB1 /* Info.plist */,
			);
			path = KeepFitTests;
			sourceTree = "<group>";
		};
		1C3D48BD25E38BDB004D7AB1 /* KeepFitUITests */ = {
			isa = PBXGroup;
			children = (
				1C3D48BE25E38BDB004D7AB1 /* KeepFitUITests.swift */,
				1C3D48C025E38BDB004D7AB1 /* Info.plist */,
			);
			path = KeepFitUITests;
			sourceTree = "<group>";
		};
		1C6F668725FC7C620085F2C2 /* View */ = {
			isa = PBXGroup;
			children = (
				1C3D48A225E38BDA004D7AB1 /* Main.storyboard */,
			);
			name = View;
			sourceTree = "<group>";
		};
		1C6F668925FC7C7C0085F2C2 /* Model */ = {
			isa = PBXGroup;
			children = (
				1C3D48A525E38BDB004D7AB1 /* Assets.xcassets */,
				1C6F66CB25FC88120085F2C2 /* PersonalAccountModel.swift */,
				1C6F66C125FC85AA0085F2C2 /* PersonalAccount.swift */,
				1C55445C25FDFD6D00DA46BD /* UserProfile.swift */,
				1C55446325FDFD7500DA46BD /* UserProfileModel.swift */,
				1C55447A25FE016C00DA46BD /* RealmModel.swift */,
			);
			name = Model;
			sourceTree = "<group>";
		};
		1C6F668A25FC7C810085F2C2 /* Controller */ = {
			isa = PBXGroup;
			children = (
				1C6F668025FB5B8C0085F2C2 /* CreateAccountViewController.swift */,
				1C6F66D625FC92860085F2C2 /* ProfilePageViewController.swift */,
				1C8E6C5225FCAF56004C2534 /* ProfileViewController.swift */,
				1C55444225FDD8A900DA46BD /* LoginViewController.swift */,
				0A8388BB25FF09D600276C7C /* WorkoutNowViewController.swift */,
				1C6186D825FF2B6400CCB74E /* StreamPageTableViewController.swift */,
			);
			name = Controller;
			sourceTree = "<group>";
		};
		1C6F66D225FC89830085F2C2 /* Other */ = {
			isa = PBXGroup;
			children = (
				1C3D48A725E38BDB004D7AB1 /* LaunchScreen.storyboard */,
				1C3D489C25E38BDA004D7AB1 /* AppDelegate.swift */,
				1C3D489E25E38BDA004D7AB1 /* SceneDelegate.swift */,
				1C3D48AA25E38BDB004D7AB1 /* Info.plist */,
			);
			name = Other;
			sourceTree = "<group>";
		};
/* End PBXGroup section */

/* Begin PBXNativeTarget section */
		1C3D489825E38BDA004D7AB1 /* KeepFit */ = {
			isa = PBXNativeTarget;
			buildConfigurationList = 1C3D48C325E38BDB004D7AB1 /* Build configuration list for PBXNativeTarget "KeepFit" */;
			buildPhases = (
				1C3D489525E38BDA004D7AB1 /* Sources */,
				1C3D489625E38BDA004D7AB1 /* Frameworks */,
				1C3D489725E38BDA004D7AB1 /* Resources */,
			);
			buildRules = (
			);
			dependencies = (
			);
			name = KeepFit;
			packageProductDependencies = (
				1C6F669425FC7F660085F2C2 /* Realm */,
				1C6F669625FC7F660085F2C2 /* RealmSwift */,
			);
			productName = KeepFit;
			productReference = 1C3D489925E38BDA004D7AB1 /* KeepFit.app */;
			productType = "com.apple.product-type.application";
		};
		1C3D48AE25E38BDB004D7AB1 /* KeepFitTests */ = {
			isa = PBXNativeTarget;
			buildConfigurationList = 1C3D48C625E38BDB004D7AB1 /* Build configuration list for PBXNativeTarget "KeepFitTests" */;
			buildPhases = (
				1C3D48AB25E38BDB004D7AB1 /* Sources */,
				1C3D48AC25E38BDB004D7AB1 /* Frameworks */,
				1C3D48AD25E38BDB004D7AB1 /* Resources */,
			);
			buildRules = (
			);
			dependencies = (
				1C3D48B125E38BDB004D7AB1 /* PBXTargetDependency */,
			);
			name = KeepFitTests;
			productName = KeepFitTests;
			productReference = 1C3D48AF25E38BDB004D7AB1 /* KeepFitTests.xctest */;
			productType = "com.apple.product-type.bundle.unit-test";
		};
		1C3D48B925E38BDB004D7AB1 /* KeepFitUITests */ = {
			isa = PBXNativeTarget;
			buildConfigurationList = 1C3D48C925E38BDB004D7AB1 /* Build configuration list for PBXNativeTarget "KeepFitUITests" */;
			buildPhases = (
				1C3D48B625E38BDB004D7AB1 /* Sources */,
				1C3D48B725E38BDB004D7AB1 /* Frameworks */,
				1C3D48B825E38BDB004D7AB1 /* Resources */,
			);
			buildRules = (
			);
			dependencies = (
				1C3D48BC25E38BDB004D7AB1 /* PBXTargetDependency */,
			);
			name = KeepFitUITests;
			productName = KeepFitUITests;
			productReference = 1C3D48BA25E38BDB004D7AB1 /* KeepFitUITests.xctest */;
			productType = "com.apple.product-type.bundle.ui-testing";
		};
/* End PBXNativeTarget section */

/* Begin PBXProject section */
		1C3D489125E38BDA004D7AB1 /* Project object */ = {
			isa = PBXProject;
			attributes = {
				LastSwiftUpdateCheck = 1230;
				LastUpgradeCheck = 1230;
				TargetAttributes = {
					1C3D489825E38BDA004D7AB1 = {
						CreatedOnToolsVersion = 12.3;
					};
					1C3D48AE25E38BDB004D7AB1 = {
						CreatedOnToolsVersion = 12.3;
						TestTargetID = 1C3D489825E38BDA004D7AB1;
					};
					1C3D48B925E38BDB004D7AB1 = {
						CreatedOnToolsVersion = 12.3;
						TestTargetID = 1C3D489825E38BDA004D7AB1;
					};
				};
			};
			buildConfigurationList = 1C3D489425E38BDA004D7AB1 /* Build configuration list for PBXProject "KeepFit" */;
			compatibilityVersion = "Xcode 9.3";
			developmentRegion = en;
			hasScannedForEncodings = 0;
			knownRegions = (
				en,
				Base,
			);
			mainGroup = 1C3D489025E38BDA004D7AB1;
			packageReferences = (
				1C6F669325FC7F660085F2C2 /* XCRemoteSwiftPackageReference "realm-cocoa" */,
			);
			productRefGroup = 1C3D489A25E38BDA004D7AB1 /* Products */;
			projectDirPath = "";
			projectRoot = "";
			targets = (
				1C3D489825E38BDA004D7AB1 /* KeepFit */,
				1C3D48AE25E38BDB004D7AB1 /* KeepFitTests */,
				1C3D48B925E38BDB004D7AB1 /* KeepFitUITests */,
			);
		};
/* End PBXProject section */

/* Begin PBXResourcesBuildPhase section */
		1C3D489725E38BDA004D7AB1 /* Resources */ = {
			isa = PBXResourcesBuildPhase;
			buildActionMask = 2147483647;
			files = (
				1C3D48A925E38BDB004D7AB1 /* LaunchScreen.storyboard in Resources */,
				1C3D48A625E38BDB004D7AB1 /* Assets.xcassets in Resources */,
				1C3D48A425E38BDA004D7AB1 /* Main.storyboard in Resources */,
			);
			runOnlyForDeploymentPostprocessing = 0;
		};
		1C3D48AD25E38BDB004D7AB1 /* Resources */ = {
			isa = PBXResourcesBuildPhase;
			buildActionMask = 2147483647;
			files = (
			);
			runOnlyForDeploymentPostprocessing = 0;
		};
		1C3D48B825E38BDB004D7AB1 /* Resources */ = {
			isa = PBXResourcesBuildPhase;
			buildActionMask = 2147483647;
			files = (
			);
			runOnlyForDeploymentPostprocessing = 0;
		};
/* End PBXResourcesBuildPhase section */

/* Begin PBXSourcesBuildPhase section */
		1C3D489525E38BDA004D7AB1 /* Sources */ = {
			isa = PBXSourcesBuildPhase;
			buildActionMask = 2147483647;
			files = (
				1C6F66C225FC85AA0085F2C2 /* PersonalAccount.swift in Sources */,
				1C6F668125FB5B8C0085F2C2 /* CreateAccountViewController.swift in Sources */,
				1C3D489D25E38BDA004D7AB1 /* AppDelegate.swift in Sources */,
				1C3D489F25E38BDA004D7AB1 /* SceneDelegate.swift in Sources */,
				1C55446425FDFD7500DA46BD /* UserProfileModel.swift in Sources */,
				1C6186D925FF2B6400CCB74E /* StreamPageTableViewController.swift in Sources */,
				1C55444325FDD8A900DA46BD /* LoginViewController.swift in Sources */,
				1C6F66D725FC92860085F2C2 /* ProfilePageViewController.swift in Sources */,
				0A8388BC25FF09D600276C7C /* WorkoutNowViewController.swift in Sources */,
				1C8E6C5325FCAF56004C2534 /* ProfileViewController.swift in Sources */,
				1C6F66CC25FC88120085F2C2 /* PersonalAccountModel.swift in Sources */,
				1C55445D25FDFD6D00DA46BD /* UserProfile.swift in Sources */,
				1C55447B25FE016C00DA46BD /* RealmModel.swift in Sources */,
			);
			runOnlyForDeploymentPostprocessing = 0;
		};
		1C3D48AB25E38BDB004D7AB1 /* Sources */ = {
			isa = PBXSourcesBuildPhase;
			buildActionMask = 2147483647;
			files = (
				1C55444425FDD8A900DA46BD /* LoginViewController.swift in Sources */,
				1C55446525FDFD7500DA46BD /* UserProfileModel.swift in Sources */,
				1C6F66D825FC92860085F2C2 /* ProfilePageViewController.swift in Sources */,
				1C6F66C325FC85AA0085F2C2 /* PersonalAccount.swift in Sources */,
				1C6F668225FB5B8C0085F2C2 /* CreateAccountViewController.swift in Sources */,
				0A8388BD25FF09D600276C7C /* WorkoutNowViewController.swift in Sources */,
				1C6186DA25FF2B6400CCB74E /* StreamPageTableViewController.swift in Sources */,
				1C55447C25FE016C00DA46BD /* RealmModel.swift in Sources */,
				1C55445E25FDFD6D00DA46BD /* UserProfile.swift in Sources */,
				1C8E6C5425FCAF56004C2534 /* ProfileViewController.swift in Sources */,
				1C3D48B425E38BDB004D7AB1 /* KeepFitTests.swift in Sources */,
				1C6F66CD25FC88120085F2C2 /* PersonalAccountModel.swift in Sources */,
			);
			runOnlyForDeploymentPostprocessing = 0;
		};
		1C3D48B625E38BDB004D7AB1 /* Sources */ = {
			isa = PBXSourcesBuildPhase;
			buildActionMask = 2147483647;
			files = (
				1C55444525FDD8A900DA46BD /* LoginViewController.swift in Sources */,
				1C55446625FDFD7500DA46BD /* UserProfileModel.swift in Sources */,
				1C6F66D925FC92860085F2C2 /* ProfilePageViewController.swift in Sources */,
				1C6F66C425FC85AA0085F2C2 /* PersonalAccount.swift in Sources */,
				1C6F668325FB5B8C0085F2C2 /* CreateAccountViewController.swift in Sources */,
				0A8388BE25FF09D600276C7C /* WorkoutNowViewController.swift in Sources */,
				1C6186DB25FF2B6400CCB74E /* StreamPageTableViewController.swift in Sources */,
				1C55447D25FE016C00DA46BD /* RealmModel.swift in Sources */,
				1C55445F25FDFD6D00DA46BD /* UserProfile.swift in Sources */,
				1C8E6C5525FCAF56004C2534 /* ProfileViewController.swift in Sources */,
				1C3D48BF25E38BDB004D7AB1 /* KeepFitUITests.swift in Sources */,
				1C6F66CE25FC88120085F2C2 /* PersonalAccountModel.swift in Sources */,
			);
			runOnlyForDeploymentPostprocessing = 0;
		};
/* End PBXSourcesBuildPhase section */

/* Begin PBXTargetDependency section */
		1C3D48B125E38BDB004D7AB1 /* PBXTargetDependency */ = {
			isa = PBXTargetDependency;
			target = 1C3D489825E38BDA004D7AB1 /* KeepFit */;
			targetProxy = 1C3D48B025E38BDB004D7AB1 /* PBXContainerItemProxy */;
		};
		1C3D48BC25E38BDB004D7AB1 /* PBXTargetDependency */ = {
			isa = PBXTargetDependency;
			target = 1C3D489825E38BDA004D7AB1 /* KeepFit */;
			targetProxy = 1C3D48BB25E38BDB004D7AB1 /* PBXContainerItemProxy */;
		};
/* End PBXTargetDependency section */

/* Begin PBXVariantGroup section */
		1C3D48A225E38BDA004D7AB1 /* Main.storyboard */ = {
			isa = PBXVariantGroup;
			children = (
				1C3D48A325E38BDA004D7AB1 /* Base */,
			);
			name = Main.storyboard;
			sourceTree = "<group>";
		};
		1C3D48A725E38BDB004D7AB1 /* LaunchScreen.storyboard */ = {
			isa = PBXVariantGroup;
			children = (
				1C3D48A825E38BDB004D7AB1 /* Base */,
			);
			name = LaunchScreen.storyboard;
			sourceTree = "<group>";
		};
/* End PBXVariantGroup section */

/* Begin XCBuildConfiguration section */
		1C3D48C125E38BDB004D7AB1 /* Debug */ = {
			isa = XCBuildConfiguration;
			buildSettings = {
				ALWAYS_SEARCH_USER_PATHS = NO;
				CLANG_ANALYZER_NONNULL = YES;
				CLANG_ANALYZER_NUMBER_OBJECT_CONVERSION = YES_AGGRESSIVE;
				CLANG_CXX_LANGUAGE_STANDARD = "gnu++14";
				CLANG_CXX_LIBRARY = "libc++";
				CLANG_ENABLE_MODULES = YES;
				CLANG_ENABLE_OBJC_ARC = YES;
				CLANG_ENABLE_OBJC_WEAK = YES;
				CLANG_WARN_BLOCK_CAPTURE_AUTORELEASING = YES;
				CLANG_WARN_BOOL_CONVERSION = YES;
				CLANG_WARN_COMMA = YES;
				CLANG_WARN_CONSTANT_CONVERSION = YES;
				CLANG_WARN_DEPRECATED_OBJC_IMPLEMENTATIONS = YES;
				CLANG_WARN_DIRECT_OBJC_ISA_USAGE = YES_ERROR;
				CLANG_WARN_DOCUMENTATION_COMMENTS = YES;
				CLANG_WARN_EMPTY_BODY = YES;
				CLANG_WARN_ENUM_CONVERSION = YES;
				CLANG_WARN_INFINITE_RECURSION = YES;
				CLANG_WARN_INT_CONVERSION = YES;
				CLANG_WARN_NON_LITERAL_NULL_CONVERSION = YES;
				CLANG_WARN_OBJC_IMPLICIT_RETAIN_SELF = YES;
				CLANG_WARN_OBJC_LITERAL_CONVERSION = YES;
				CLANG_WARN_OBJC_ROOT_CLASS = YES_ERROR;
				CLANG_WARN_QUOTED_INCLUDE_IN_FRAMEWORK_HEADER = YES;
				CLANG_WARN_RANGE_LOOP_ANALYSIS = YES;
				CLANG_WARN_STRICT_PROTOTYPES = YES;
				CLANG_WARN_SUSPICIOUS_MOVE = YES;
				CLANG_WARN_UNGUARDED_AVAILABILITY = YES_AGGRESSIVE;
				CLANG_WARN_UNREACHABLE_CODE = YES;
				CLANG_WARN__DUPLICATE_METHOD_MATCH = YES;
				COPY_PHASE_STRIP = NO;
				DEBUG_INFORMATION_FORMAT = dwarf;
				ENABLE_STRICT_OBJC_MSGSEND = YES;
				ENABLE_TESTABILITY = YES;
				GCC_C_LANGUAGE_STANDARD = gnu11;
				GCC_DYNAMIC_NO_PIC = NO;
				GCC_NO_COMMON_BLOCKS = YES;
				GCC_OPTIMIZATION_LEVEL = 0;
				GCC_PREPROCESSOR_DEFINITIONS = (
					"DEBUG=1",
					"$(inherited)",
				);
				GCC_WARN_64_TO_32_BIT_CONVERSION = YES;
				GCC_WARN_ABOUT_RETURN_TYPE = YES_ERROR;
				GCC_WARN_UNDECLARED_SELECTOR = YES;
				GCC_WARN_UNINITIALIZED_AUTOS = YES_AGGRESSIVE;
				GCC_WARN_UNUSED_FUNCTION = YES;
				GCC_WARN_UNUSED_VARIABLE = YES;
				IPHONEOS_DEPLOYMENT_TARGET = 14.3;
				MTL_ENABLE_DEBUG_INFO = INCLUDE_SOURCE;
				MTL_FAST_MATH = YES;
				ONLY_ACTIVE_ARCH = YES;
				SDKROOT = iphoneos;
				SWIFT_ACTIVE_COMPILATION_CONDITIONS = DEBUG;
				SWIFT_OPTIMIZATION_LEVEL = "-Onone";
			};
			name = Debug;
		};
		1C3D48C225E38BDB004D7AB1 /* Release */ = {
			isa = XCBuildConfiguration;
			buildSettings = {
				ALWAYS_SEARCH_USER_PATHS = NO;
				CLANG_ANALYZER_NONNULL = YES;
				CLANG_ANALYZER_NUMBER_OBJECT_CONVERSION = YES_AGGRESSIVE;
				CLANG_CXX_LANGUAGE_STANDARD = "gnu++14";
				CLANG_CXX_LIBRARY = "libc++";
				CLANG_ENABLE_MODULES = YES;
				CLANG_ENABLE_OBJC_ARC = YES;
				CLANG_ENABLE_OBJC_WEAK = YES;
				CLANG_WARN_BLOCK_CAPTURE_AUTORELEASING = YES;
				CLANG_WARN_BOOL_CONVERSION = YES;
				CLANG_WARN_COMMA = YES;
				CLANG_WARN_CONSTANT_CONVERSION = YES;
				CLANG_WARN_DEPRECATED_OBJC_IMPLEMENTATIONS = YES;
				CLANG_WARN_DIRECT_OBJC_ISA_USAGE = YES_ERROR;
				CLANG_WARN_DOCUMENTATION_COMMENTS = YES;
				CLANG_WARN_EMPTY_BODY = YES;
				CLANG_WARN_ENUM_CONVERSION = YES;
				CLANG_WARN_INFINITE_RECURSION = YES;
				CLANG_WARN_INT_CONVERSION = YES;
				CLANG_WARN_NON_LITERAL_NULL_CONVERSION = YES;
				CLANG_WARN_OBJC_IMPLICIT_RETAIN_SELF = YES;
				CLANG_WARN_OBJC_LITERAL_CONVERSION = YES;
				CLANG_WARN_OBJC_ROOT_CLASS = YES_ERROR;
				CLANG_WARN_QUOTED_INCLUDE_IN_FRAMEWORK_HEADER = YES;
				CLANG_WARN_RANGE_LOOP_ANALYSIS = YES;
				CLANG_WARN_STRICT_PROTOTYPES = YES;
				CLANG_WARN_SUSPICIOUS_MOVE = YES;
				CLANG_WARN_UNGUARDED_AVAILABILITY = YES_AGGRESSIVE;
				CLANG_WARN_UNREACHABLE_CODE = YES;
				CLANG_WARN__DUPLICATE_METHOD_MATCH = YES;
				COPY_PHASE_STRIP = NO;
				DEBUG_INFORMATION_FORMAT = "dwarf-with-dsym";
				ENABLE_NS_ASSERTIONS = NO;
				ENABLE_STRICT_OBJC_MSGSEND = YES;
				GCC_C_LANGUAGE_STANDARD = gnu11;
				GCC_NO_COMMON_BLOCKS = YES;
				GCC_WARN_64_TO_32_BIT_CONVERSION = YES;
				GCC_WARN_ABOUT_RETURN_TYPE = YES_ERROR;
				GCC_WARN_UNDECLARED_SELECTOR = YES;
				GCC_WARN_UNINITIALIZED_AUTOS = YES_AGGRESSIVE;
				GCC_WARN_UNUSED_FUNCTION = YES;
				GCC_WARN_UNUSED_VARIABLE = YES;
				IPHONEOS_DEPLOYMENT_TARGET = 14.3;
				MTL_ENABLE_DEBUG_INFO = NO;
				MTL_FAST_MATH = YES;
				SDKROOT = iphoneos;
				SWIFT_COMPILATION_MODE = wholemodule;
				SWIFT_OPTIMIZATION_LEVEL = "-O";
				VALIDATE_PRODUCT = YES;
			};
			name = Release;
		};
		1C3D48C425E38BDB004D7AB1 /* Debug */ = {
			isa = XCBuildConfiguration;
			buildSettings = {
				ASSETCATALOG_COMPILER_APPICON_NAME = AppIcon;
				ASSETCATALOG_COMPILER_GLOBAL_ACCENT_COLOR_NAME = AccentColor;
				CODE_SIGN_STYLE = Automatic;
				INFOPLIST_FILE = KeepFit/Info.plist;
				LD_RUNPATH_SEARCH_PATHS = (
					"$(inherited)",
					"@executable_path/Frameworks",
				);
				PRODUCT_BUNDLE_IDENTIFIER = edu.usc.yxu70832.KeepFit;
				PRODUCT_NAME = "$(TARGET_NAME)";
				SWIFT_VERSION = 5.0;
				TARGETED_DEVICE_FAMILY = "1,2";
			};
			name = Debug;
		};
		1C3D48C525E38BDB004D7AB1 /* Release */ = {
			isa = XCBuildConfiguration;
			buildSettings = {
				ASSETCATALOG_COMPILER_APPICON_NAME = AppIcon;
				ASSETCATALOG_COMPILER_GLOBAL_ACCENT_COLOR_NAME = AccentColor;
				CODE_SIGN_STYLE = Automatic;
				INFOPLIST_FILE = KeepFit/Info.plist;
				LD_RUNPATH_SEARCH_PATHS = (
					"$(inherited)",
					"@executable_path/Frameworks",
				);
				PRODUCT_BUNDLE_IDENTIFIER = edu.usc.yxu70832.KeepFit;
				PRODUCT_NAME = "$(TARGET_NAME)";
				SWIFT_VERSION = 5.0;
				TARGETED_DEVICE_FAMILY = "1,2";
			};
			name = Release;
		};
		1C3D48C725E38BDB004D7AB1 /* Debug */ = {
			isa = XCBuildConfiguration;
			buildSettings = {
				ALWAYS_EMBED_SWIFT_STANDARD_LIBRARIES = YES;
				BUNDLE_LOADER = "$(TEST_HOST)";
				CODE_SIGN_STYLE = Automatic;
				INFOPLIST_FILE = KeepFitTests/Info.plist;
				IPHONEOS_DEPLOYMENT_TARGET = 14.3;
				LD_RUNPATH_SEARCH_PATHS = (
					"$(inherited)",
					"@executable_path/Frameworks",
					"@loader_path/Frameworks",
				);
				PRODUCT_BUNDLE_IDENTIFIER = edu.usc.yxu70832.KeepFitTests;
				PRODUCT_NAME = "$(TARGET_NAME)";
				SWIFT_VERSION = 5.0;
				TARGETED_DEVICE_FAMILY = "1,2";
				TEST_HOST = "$(BUILT_PRODUCTS_DIR)/KeepFit.app/KeepFit";
			};
			name = Debug;
		};
		1C3D48C825E38BDB004D7AB1 /* Release */ = {
			isa = XCBuildConfiguration;
			buildSettings = {
				ALWAYS_EMBED_SWIFT_STANDARD_LIBRARIES = YES;
				BUNDLE_LOADER = "$(TEST_HOST)";
				CODE_SIGN_STYLE = Automatic;
				INFOPLIST_FILE = KeepFitTests/Info.plist;
				IPHONEOS_DEPLOYMENT_TARGET = 14.3;
				LD_RUNPATH_SEARCH_PATHS = (
					"$(inherited)",
					"@executable_path/Frameworks",
					"@loader_path/Frameworks",
				);
				PRODUCT_BUNDLE_IDENTIFIER = edu.usc.yxu70832.KeepFitTests;
				PRODUCT_NAME = "$(TARGET_NAME)";
				SWIFT_VERSION = 5.0;
				TARGETED_DEVICE_FAMILY = "1,2";
				TEST_HOST = "$(BUILT_PRODUCTS_DIR)/KeepFit.app/KeepFit";
			};
			name = Release;
		};
		1C3D48CA25E38BDB004D7AB1 /* Debug */ = {
			isa = XCBuildConfiguration;
			buildSettings = {
				ALWAYS_EMBED_SWIFT_STANDARD_LIBRARIES = YES;
				CODE_SIGN_STYLE = Automatic;
				INFOPLIST_FILE = KeepFitUITests/Info.plist;
				LD_RUNPATH_SEARCH_PATHS = (
					"$(inherited)",
					"@executable_path/Frameworks",
					"@loader_path/Frameworks",
				);
				PRODUCT_BUNDLE_IDENTIFIER = edu.usc.yxu70832.KeepFitUITests;
				PRODUCT_NAME = "$(TARGET_NAME)";
				SWIFT_VERSION = 5.0;
				TARGETED_DEVICE_FAMILY = "1,2";
				TEST_TARGET_NAME = KeepFit;
			};
			name = Debug;
		};
		1C3D48CB25E38BDB004D7AB1 /* Release */ = {
			isa = XCBuildConfiguration;
			buildSettings = {
				ALWAYS_EMBED_SWIFT_STANDARD_LIBRARIES = YES;
				CODE_SIGN_STYLE = Automatic;
				INFOPLIST_FILE = KeepFitUITests/Info.plist;
				LD_RUNPATH_SEARCH_PATHS = (
					"$(inherited)",
					"@executable_path/Frameworks",
					"@loader_path/Frameworks",
				);
				PRODUCT_BUNDLE_IDENTIFIER = edu.usc.yxu70832.KeepFitUITests;
				PRODUCT_NAME = "$(TARGET_NAME)";
				SWIFT_VERSION = 5.0;
				TARGETED_DEVICE_FAMILY = "1,2";
				TEST_TARGET_NAME = KeepFit;
			};
			name = Release;
		};
/* End XCBuildConfiguration section */

/* Begin XCConfigurationList section */
		1C3D489425E38BDA004D7AB1 /* Build configuration list for PBXProject "KeepFit" */ = {
			isa = XCConfigurationList;
			buildConfigurations = (
				1C3D48C125E38BDB004D7AB1 /* Debug */,
				1C3D48C225E38BDB004D7AB1 /* Release */,
			);
			defaultConfigurationIsVisible = 0;
			defaultConfigurationName = Release;
		};
		1C3D48C325E38BDB004D7AB1 /* Build configuration list for PBXNativeTarget "KeepFit" */ = {
			isa = XCConfigurationList;
			buildConfigurations = (
				1C3D48C425E38BDB004D7AB1 /* Debug */,
				1C3D48C525E38BDB004D7AB1 /* Release */,
			);
			defaultConfigurationIsVisible = 0;
			defaultConfigurationName = Release;
		};
		1C3D48C625E38BDB004D7AB1 /* Build configuration list for PBXNativeTarget "KeepFitTests" */ = {
			isa = XCConfigurationList;
			buildConfigurations = (
				1C3D48C725E38BDB004D7AB1 /* Debug */,
				1C3D48C825E38BDB004D7AB1 /* Release */,
			);
			defaultConfigurationIsVisible = 0;
			defaultConfigurationName = Release;
		};
		1C3D48C925E38BDB004D7AB1 /* Build configuration list for PBXNativeTarget "KeepFitUITests" */ = {
			isa = XCConfigurationList;
			buildConfigurations = (
				1C3D48CA25E38BDB004D7AB1 /* Debug */,
				1C3D48CB25E38BDB004D7AB1 /* Release */,
			);
			defaultConfigurationIsVisible = 0;
			defaultConfigurationName = Release;
		};
/* End XCConfigurationList section */

/* Begin XCRemoteSwiftPackageReference section */
		1C6F669325FC7F660085F2C2 /* XCRemoteSwiftPackageReference "realm-cocoa" */ = {
			isa = XCRemoteSwiftPackageReference;
			repositoryURL = "https://github.com/realm/realm-cocoa.git";
			requirement = {
				kind = upToNextMajorVersion;
				minimumVersion = 10.7.2;
			};
		};
/* End XCRemoteSwiftPackageReference section */

/* Begin XCSwiftPackageProductDependency section */
		1C6F669425FC7F660085F2C2 /* Realm */ = {
			isa = XCSwiftPackageProductDependency;
			package = 1C6F669325FC7F660085F2C2 /* XCRemoteSwiftPackageReference "realm-cocoa" */;
			productName = Realm;
		};
		1C6F669625FC7F660085F2C2 /* RealmSwift */ = {
			isa = XCSwiftPackageProductDependency;
			package = 1C6F669325FC7F660085F2C2 /* XCRemoteSwiftPackageReference "realm-cocoa" */;
			productName = RealmSwift;
		};
/* End XCSwiftPackageProductDependency section */
	};
	rootObject = 1C3D489125E38BDA004D7AB1 /* Project object */;
}
